schema: '2.0'
stages:
  prepare:
    cmd: python dvc/src/prepare.py
    deps:
    - path: dvc/data/raw/data.csv
      hash: md5
      md5: 280ddd803155ab6304e664fd8eb55b01
      size: 92
    - path: dvc/src/prepare.py
      hash: md5
      md5: a5be4e6a3977ad471d81e3fa8c79f453
      size: 266
    outs:
    - path: dvc/data/processed/clean_data.csv
      hash: md5
      md5: 42e6af0d2c5a14949235337de58d7e61
      size: 88
  train:
    cmd: python dvc/src/train.py
    deps:
    - path: dvc/data/processed/clean_data.csv
      hash: md5
      md5: 42e6af0d2c5a14949235337de58d7e61
      size: 88
    - path: dvc/src/train.py
      hash: md5
      md5: fdbbb421d0bd2e556862f9a05619a4f4
      size: 415
    outs:
    - path: dvc/model/model.pkl
      hash: md5
      md5: a02d7d4188c21600ada08d145f889ac2
      size: 822
